# lean/fidelity.lock — generated by scripts/lean-fidelity-check.py --update. Do not hand-edit.
2e0478c49b1093b1bc3ce7ee13d7ac9d502d10b824b91345673210a3876b86d6  rust/libpetri-core/src/input.rs::In
c63dc5c167075dc40fac91f1343aad98d6a53a1de9142a95bb6fba3d2cd297bc  rust/libpetri-core/src/input.rs::consumption_count
8de5e30aadeab2ab1fce963776b56ac11f5a99e4b31f6792d39c451dd1e5e135  rust/libpetri-core/src/input.rs::required_count
f09fe870f42d85230336fd9f4ddc303acde44e8177344487e5537694320c2a4c  rust/libpetri-core/src/name.rs::NameId
bb6f1f21e138dd937cb6001fb98993f28f77459ffea20a07e4a329bc468dc4e2  rust/libpetri-core/src/token.rs::Token
a586306af092b3aa78797ecd48dfe4e5e9f57bb323c7cd56dd3d4ebe8986c92f  rust/libpetri-runtime/src/bitmap_backend.rs::can_enable
5c761d8e0a22211869fda5f0171857f480dc1223c09b1fd5d345ad7291e3fbbe  rust/libpetri-runtime/src/bitmap_backend.rs::collect_ready_general
c98f4def32a3e1b5cbb88ecd0747188a9c867cce7532f0219c769e4be2709033  rust/libpetri-runtime/src/bitmap_backend.rs::consume_for_firing
0cc2152556f671431e805db09364dbc34c3de6687848a39fb356996d038879bf  rust/libpetri-runtime/src/bitmap_backend.rs::disable
d8b93c18a976606fe7026b60317bd3f4b5413ef821ec65fa2823d23c2ca76f34  rust/libpetri-runtime/src/bitmap_backend.rs::enforce_deadlines
405c4e0de491555c5c8f5c876187fe14b76531340acc838b03ffd77f397ac517  rust/libpetri-runtime/src/bitmap_backend.rs::has_input_from_reset_place
a8964eec13eb39c28aa7d54ef6e8f6a7812a586f554eaaa8df7f4aac78341fbb  rust/libpetri-runtime/src/bitmap_backend.rs::initialize
891ac60f56d269267b0488479177d221180666a614013b3b5a2b9bdf47e7e8a1  rust/libpetri-runtime/src/bitmap_backend.rs::post_fire
2d7326a3a3fa2f05bd3d668fbcf05ba89e70012c667ab57ad642e8103e76625f  rust/libpetri-runtime/src/bitmap_backend.rs::produce_token
ef30941575eb6bdc1905151081493a5be38fac5b413d9787498c02ef4ab04b8a  rust/libpetri-runtime/src/bitmap_backend.rs::recheck_can_fire
86e5f25b62eb440950d0d9d626a41dc39254e09ef191f195e7a12278d620fae7  rust/libpetri-runtime/src/bitmap_backend.rs::update_enablement
42bee7ffe8e8a1350b34b7ef40408f8c37410a21b2508e6dc7b8e405a67a20eb  rust/libpetri-runtime/src/compiled_net.rs::affected_transitions
ba0e9bddd16b9a36235b28070b1d4f278b04a1319cc3bcc6485711b9efac3261  rust/libpetri-runtime/src/compiled_net.rs::cardinality_check
af84dd84e1db8a2c58f2ee858654a6f676b17c7b6021fb4573663ca7cc093796  rust/libpetri-runtime/src/compiled_net.rs::compile
b02eff4e02baef343154c1e0e57de4097bb936445fa5ea1b9aa6d4e37ee4c9a5  rust/libpetri-runtime/src/executor_core/executor.rs::run_sync
a58b58a62e0395c2175a2e1f53e774cfc61d15cb0d82aa66a7a06505009136e8  rust/libpetri-runtime/src/executor_core/output.rs::validate_out_spec
aabafeb5f439cffca9e615ffeac4cc738f587e223e221cf9825d203b3bead9e6  rust/libpetri-runtime/src/marking.rs::Marking
80b084ccd7c9cdc57f0134d7c75cfe3f29f139e692614e38797496ca2263e9c2  rust/libpetri-runtime/src/marking.rs::count_matching
ceab4d9a7537f209e5eb23813cbcca419720ab63f0f96628fa158f6ff6879df5  rust/libpetri-runtime/src/marking.rs::remove_matching
f6d903a4a8e480af362f2c56593d98bd2bb31738fbf5287d40a2c204ee4b7b84  rust/libpetri-runtime/src/match_engine.rs::IncrementalMatcher
db6c3d4cd3028e5dbfa17cbcae5dee19d509e3700acc9ef034b2e991718cdc94  rust/libpetri-runtime/src/match_engine.rs::MinQueue
e7631cdfa58591ecdc259690c0d4bd782393a5496b627cd68c15f11c010ef4ee  rust/libpetri-runtime/src/match_engine.rs::select_match_name
073d53f49b1946ef432aeccb0ccfbbbcb6233237d04138c0730ed9e371784cec  rust/libpetri-runtime/src/precompiled_backend.rs::cache_add_token
3f7b3199231fe5fdf910c98666b337b53090063243e79b067cb0b21cb2501f69  rust/libpetri-runtime/src/precompiled_backend.rs::can_enable
ca8a852730467cc0e15cf4a02cdbc73817ae2b157533a5160ae9dff317b38111  rust/libpetri-runtime/src/precompiled_backend.rs::collect_ready_general
143f71ac180c1866f6c4aba91dda2c8a4feb124be4ca3d6c5cd7bacc88eacebd  rust/libpetri-runtime/src/precompiled_backend.rs::collect_ready_immediate
5bed715fe021d9b06fe9b1c21322a6193235f92441f04d1fc9b0a683f9ac9e68  rust/libpetri-runtime/src/precompiled_backend.rs::consume_for_firing
fd7ec25237e43a54761e4a3549f4584da15716fa2374f7d350836a529b024c11  rust/libpetri-runtime/src/precompiled_backend.rs::disable
cf69d40f232f4d391c7c426aa97af6bf845b7c00d7bf2e02d6ecf32f98191909  rust/libpetri-runtime/src/precompiled_backend.rs::enforce_deadlines
549341da4484beb0b7c22edd4b41bc6237b6aa15a7b0c42574c2d9de9448293c  rust/libpetri-runtime/src/precompiled_backend.rs::fast_path_available
bfa37f32c88bc20d157d01ddd7003a377f8455b2a7125a51bf507dd96109eb8d  rust/libpetri-runtime/src/precompiled_backend.rs::find_match_binding
658c53b2b617c8e4e5843c8b25705c924e7d39e74df10d3d1cbeee501b26ddb6  rust/libpetri-runtime/src/precompiled_backend.rs::grow_ring_static
c1d9bc68608570b0b85e18c0ab8a2263a6f916f214fe95290451e37bdf6de7b0  rust/libpetri-runtime/src/precompiled_backend.rs::has_input_from_reset_place
d3cf6bf7b9d131a7e7c099c2dafcd726cf22c198a901023e76e5be2463d6d557  rust/libpetri-runtime/src/precompiled_backend.rs::init_match_caches
32313b6722ccbc9b31a7699e39e5cbaf5fd461a8b52f081d31aa4246ffdfea12  rust/libpetri-runtime/src/precompiled_backend.rs::initialize
91acaba8ffc3e7e68e7eb6da0ecb569f314b6fb80015c8a19da543a3218bb08c  rust/libpetri-runtime/src/precompiled_backend.rs::inject_external_token
4b7b7369c3bf673e2f14a5ea7dae714fe4b9c6f151cf93979bd06aa12e27429a  rust/libpetri-runtime/src/precompiled_backend.rs::mark_place_dirty
e191027b29588469f5987e232d87c23f438fec46d2fd1096936c2ce0c0af8574  rust/libpetri-runtime/src/precompiled_backend.rs::mark_transition_dirty
280e27bd935c1ecd71ff87d725ec8741d5e79e4e08076550a578a04e71428239  rust/libpetri-runtime/src/precompiled_backend.rs::materialize_marking
46bcdd95839c0cc936015c5657e8ea12de93d73610adec1d02abd0d83369d2ca  rust/libpetri-runtime/src/precompiled_backend.rs::peek_reads
1338b2c557822cb1da46b1bfbe50308a798580b148f59d59e8fae2084e7ce651  rust/libpetri-runtime/src/precompiled_backend.rs::post_fire
fff58a5a31f8a183aafb0a8adecb65def3f298bc4f0fe7ed7970a654a2729271  rust/libpetri-runtime/src/precompiled_backend.rs::produce_token
4fb392cd0e5c85eb9868fa85878c2c7da943fa642e0bcc8da305aa3042305e68  rust/libpetri-runtime/src/precompiled_backend.rs::ring_add_last
fdc03ca29b342b824325e55eb167adb067e204b8c27c825e6f779bf7358a2df2  rust/libpetri-runtime/src/precompiled_backend.rs::ring_peek_first
4c7c59c3b1b3b81dd404583e60a6cf9e458faa3637da9a334670c48b3f93584e  rust/libpetri-runtime/src/precompiled_backend.rs::ring_remove_first
729b717b0688b51d6b2e17d063203de979bd14315349b8aa1468d34e622e9a31  rust/libpetri-runtime/src/precompiled_backend.rs::ring_remove_matching
88aaef4a62b3502cf567997c49fdc06464f8d68612a456bbc3191011a6e23043  rust/libpetri-runtime/src/precompiled_backend.rs::update_enablement
f2fe2454b58d7cf3c15fc72bcea719e9b74b3aec03ed3d4355ed80ea580678d1  rust/libpetri-runtime/src/precompiled_net.rs::can_enable_bitmap
ce8d429d4af6a35b6b8018018c89eea20233b8435da0f58771f11f0d3bc183a9  rust/libpetri-runtime/src/precompiled_net.rs::compile_consume_ops
a73cf44b450a6aeeea02ff05ec17f4ad0664192a035a1c672d4a36547464ddb4  rust/libpetri-verification/src/incidence_matrix.rs::from_flat_net
1043d2728bb358f91a859987b3b11af8650f447e7293b9e98f7dd94a08fb3257  rust/libpetri-verification/src/name_state_class_graph.rs::priority_dominated
e312ef0a02b9b4ea25f432bab6c5bc86bce1ad3505e1c12b3fd3f1624937410b  rust/libpetri-verification/src/name_state_class_graph.rs::will_fire
bbf0881c4eb5eb0550fd263d1ad758bb989ad6fb727f24a1192aa0859107bdf6  rust/libpetri-verification/src/net_flattener.rs::flatten
bc909a200b0fe3ae9e774ce9ba2d524925bc0a50abce29e8db20decdcafe2754  rust/libpetri-verification/src/p_invariant.rs::PInvariant
1b80ace589b8d7f23903bbc58263b2125691e4c1c0bc4374899d68d5873aa873  rust/libpetri-verification/src/p_invariant.rs::validate_invariants_exact
dc3ba26667b674a0b988f32b825a7d4d6af3393f15c820df46829d1d0af2e745  rust/libpetri-verification/src/priority_semantics.rs::PrioritySemantics
a3b56c237ab081f316191b6f145db7c87c8055a6672522f70363bc80d73d5698  rust/libpetri-verification/src/smt_encoder.rs::encode
248507dc7e8ac0593e3bf56faa55868d9386909aafc33cc68539f51f778cde9d  rust/libpetri-verification/src/smt_encoder.rs::encode_injection_rule
78534d7db258cf58a39f9aff6619f5b095d37e43f7a23ea7c2a3b67685f15084  rust/libpetri-verification/src/smt_encoder.rs::encode_property_violation
2f717b6406d7c2a8f4bcd6205d7a1c964620c5d81ddc3688edbe306a7a68a64c  rust/libpetri-verification/src/smt_encoder.rs::encode_transition_rule
d7108e8e8545726a6c0062d220d28fd11707a6e13763d4c318ed2ba7ab162b44  rust/libpetri-verification/src/smt_verifier.rs::process_z3_result
