# lean/fidelity.lock — generated by scripts/lean-fidelity-check.py --update. Do not hand-edit.
2e0478c49b1093b1bc3ce7ee13d7ac9d502d10b824b91345673210a3876b86d6  rust/libpetri-core/src/input.rs::In
c63dc5c167075dc40fac91f1343aad98d6a53a1de9142a95bb6fba3d2cd297bc  rust/libpetri-core/src/input.rs::consumption_count
8de5e30aadeab2ab1fce963776b56ac11f5a99e4b31f6792d39c451dd1e5e135  rust/libpetri-core/src/input.rs::required_count
4928a5cc78c9153a5fcd54fb21666c89d702ae42a656b8b31e36eb9f3c53bcde  rust/libpetri-core/src/match_spec.rs::build
7633689362b0244481dd54897034f909b4c5735f0dcbaa32ecf7e3f66aea30cc  rust/libpetri-core/src/match_spec.rs::duplicate_key
6905d02278863a6ec374d935c7cd413ea6f662d2636d89cbb8837abf3fb43933  rust/libpetri-core/src/match_spec.rs::extract
43e8cf389466b5337745f3f3d0fafd7ec43cd1ca85da3aa924aeb64f55e74996  rust/libpetri-core/src/name.rs::NameId
487db4d90b0351fb8e7270c2eaec252268b92df4ce456e7fd6e281428e66e080  rust/libpetri-core/src/output.rs::enumerate_branches
2f8d6ca7dd940881092e13792308371aed54a25df6b79b77829b9d2185789b14  rust/libpetri-core/src/output.rs::find_timeout
638acfc1df7c56b0a0ebcf94c59a20d6bcba3495bf05254ec1ec44694e215b1e  rust/libpetri-core/src/timing.rs::Timing
d5806a34ded8f68604ec6fef1931bb50a791aeefcb984299e0f001cbd3f6e012  rust/libpetri-core/src/timing.rs::deadline
75804cf303400699c872811188de5fc2dfc668f19ec4c610c91fcb360092f6cd  rust/libpetri-core/src/timing.rs::delayed
097b51cce6303aeadbfb5f9ed486f1f003c4ae24e77c2dff880c08f6ef672831  rust/libpetri-core/src/timing.rs::exact
2739fc3db92f9a2437576830fb647291e1e9641ee42908cbfb01b497aefa7ed2  rust/libpetri-core/src/timing.rs::has_deadline
10f55ff29e31a24f8b1f468d2c3d8403f87ce1b01ba4ba4785a1c33c13f57101  rust/libpetri-core/src/timing.rs::window
f169f00cad2f4bf196ed8acb7bb5a463ec61b60cca14cbba6d740c3dcc722403  rust/libpetri-core/src/token.rs::Token
b7abc7c6701c85ed8b2c7968aab97f20e1a96c3c767e0b3587534dfd3f3b5a55  rust/libpetri-core/src/transition.rs::build
4e0d5f35cf708f385741e6013ba37db233ebdb004959e80018c4252caa45ccfc  rust/libpetri-core/src/transition.rs::with_added_inhibitors
feb07449a09aafe38ee2b6ac1c3ab6e26ea336aa098c0f50ddfa67899bd924d2  rust/libpetri-runtime/src/bitmap_backend.rs::begin_firing_pass
5f0c7b7271677eb0711306fa58616b05d6f32a4e9902fd0f708550f4a5c5614b  rust/libpetri-runtime/src/bitmap_backend.rs::can_enable
3eb3823793c0f9a60399c6a7b1e79a38d8fe73b674a98c844abd9ddb92270eb2  rust/libpetri-runtime/src/bitmap_backend.rs::collect_ready_general
3c35ba7175b8b91967f94a63055c2855fd4758b25c35f14b9f58115f5ae4acd0  rust/libpetri-runtime/src/bitmap_backend.rs::consume_for_firing
0cc2152556f671431e805db09364dbc34c3de6687848a39fb356996d038879bf  rust/libpetri-runtime/src/bitmap_backend.rs::disable
4965402ca1ac347bf1b15c8e881f0e27ab18b31cefd76e6c28eaf92a11f9733b  rust/libpetri-runtime/src/bitmap_backend.rs::drainable
d8b93c18a976606fe7026b60317bd3f4b5413ef821ec65fa2823d23c2ca76f34  rust/libpetri-runtime/src/bitmap_backend.rs::enforce_deadlines
008c5adc22a56823413d69fd40ce1547b3a6292261af22830d3a16049982e1fb  rust/libpetri-runtime/src/bitmap_backend.rs::flag_clock_restarts
d37ad8fadca2e591960d368770a811fcf0668111208d3fe2c12cf08d0fd8b077  rust/libpetri-runtime/src/bitmap_backend.rs::initialize
891ac60f56d269267b0488479177d221180666a614013b3b5a2b9bdf47e7e8a1  rust/libpetri-runtime/src/bitmap_backend.rs::post_fire
57f9a8df77dfe7c35be6ec80ab8812f8bc2170274cfa3f392a1d5e6e81a77421  rust/libpetri-runtime/src/bitmap_backend.rs::produce_token
5f43080758c01f8ab44b4324a16ddd7d0b69821f153ff1249bdbeee36432c3d8  rust/libpetri-runtime/src/bitmap_backend.rs::recheck_can_fire
7481b26e2dd9fff2a05c6914703ab644a3585a8a8d6956aadf08134e79940a48  rust/libpetri-runtime/src/bitmap_backend.rs::update_bitmap_after_consumption
a0aafd9490d462a9482bfeda6e3010f0c25fabbb461a30fe06770fa7bdffa26d  rust/libpetri-runtime/src/bitmap_backend.rs::update_enablement
42bee7ffe8e8a1350b34b7ef40408f8c37410a21b2508e6dc7b8e405a67a20eb  rust/libpetri-runtime/src/compiled_net.rs::affected_transitions
84e5ec5ba28d6faee8bd28cd507c943f0b57d3969061e3beb23d40d504158ca8  rust/libpetri-runtime/src/compiled_net.rs::can_enable_bitmap
ba0e9bddd16b9a36235b28070b1d4f278b04a1319cc3bcc6485711b9efac3261  rust/libpetri-runtime/src/compiled_net.rs::cardinality_check
9adccb6835351380ab37751db9940e4bd8a7b5cfcaf4c94483587b0bd9300e48  rust/libpetri-runtime/src/compiled_net.rs::compile
52ccbb854c4debb1e28ecba4f456c6027fff85bc74e2db9f90a838496ef48d14  rust/libpetri-runtime/src/executor_core/executor.rs::handle_signal
2df33ddfeaee34a82e41d300849631ff1dd76f1d6fd178c8a4314c9c01800d04  rust/libpetri-runtime/src/executor_core/executor.rs::run_async
72ecc0f8a229970a299bfe8de864ff225f79c5fa46fa819dd73e5a35ec8da3d1  rust/libpetri-runtime/src/executor_core/executor.rs::run_sync
125d55b5821f9a8c499a29ad92e46d95341d75ad4f88c57dbb662424335d0af3  rust/libpetri-runtime/src/executor_core/output.rs::collect_timeout_outputs
1d93bc2d6a46d8b4b68765b86d037442a6aadce197c58b48abc0031dfa0dd957  rust/libpetri-runtime/src/executor_core/output.rs::timeout_outputs
33cbbf4726832bf0ecd894461d30ba47b47ccc4d657e1196e56478995137fc05  rust/libpetri-runtime/src/executor_core/output.rs::validate_out_spec
76c6864111d0b5d0d21528eb4bc2709f7fcaf65214a754fd8b10f38cc1b86d16  rust/libpetri-runtime/src/marking.rs::Marking
21299783b6b904670a6e98740df0fc931527460a249628b268aa02b9f0ed64cc  rust/libpetri-runtime/src/marking.rs::count_matching
f33e941f6b3c88cdfdf6c385b5f4b721f9a31f0aed7ac631a22bc167d4ab3c54  rust/libpetri-runtime/src/marking.rs::remove_matching
f6d903a4a8e480af362f2c56593d98bd2bb31738fbf5287d40a2c204ee4b7b84  rust/libpetri-runtime/src/match_engine.rs::IncrementalMatcher
db6c3d4cd3028e5dbfa17cbcae5dee19d509e3700acc9ef034b2e991718cdc94  rust/libpetri-runtime/src/match_engine.rs::MinQueue
e7631cdfa58591ecdc259690c0d4bd782393a5496b627cd68c15f11c010ef4ee  rust/libpetri-runtime/src/match_engine.rs::select_match_name
2c2dd7f6ec1b53dd994a518c7810ea118de6b4e62e156119c07bcc3758093132  rust/libpetri-runtime/src/precompiled_backend.rs::begin_firing_pass
073d53f49b1946ef432aeccb0ccfbbbcb6233237d04138c0730ed9e371784cec  rust/libpetri-runtime/src/precompiled_backend.rs::cache_add_token
785693887c235dbd0a391280912c58288179abf68789fad9d99926d6351f4210  rust/libpetri-runtime/src/precompiled_backend.rs::can_enable
c142a05aff0407364908de55dba5ab09d8a1a61b04cf42bdf196f7d656fc3922  rust/libpetri-runtime/src/precompiled_backend.rs::collect_ready_general
8c52c56b48d888beeaa29631787ff312aaf362c82d738e55fe85ef2475a5f29f  rust/libpetri-runtime/src/precompiled_backend.rs::collect_ready_immediate
5040df10c74aec6def177cd23d5d0ba15276d18fef63ef1bf9cecb7d46fef52a  rust/libpetri-runtime/src/precompiled_backend.rs::consume_for_firing
fd7ec25237e43a54761e4a3549f4584da15716fa2374f7d350836a529b024c11  rust/libpetri-runtime/src/precompiled_backend.rs::disable
6fd8bc68f56bcef0f99a81525c7d94c6c264164deab387db2fff5751c40c09d5  rust/libpetri-runtime/src/precompiled_backend.rs::drainable
8a94d7a0349bb4c3b52db32696dd73acbeb94d59d9cc8ea43ee3923546b36534  rust/libpetri-runtime/src/precompiled_backend.rs::enforce_deadlines
549341da4484beb0b7c22edd4b41bc6237b6aa15a7b0c42574c2d9de9448293c  rust/libpetri-runtime/src/precompiled_backend.rs::fast_path_available
bfa37f32c88bc20d157d01ddd7003a377f8455b2a7125a51bf507dd96109eb8d  rust/libpetri-runtime/src/precompiled_backend.rs::find_match_binding
82045c9aa206c8301d813992ddc8ab1f7ea0654279fb5bfeeee64689300b80a7  rust/libpetri-runtime/src/precompiled_backend.rs::flag_clock_restarts
658c53b2b617c8e4e5843c8b25705c924e7d39e74df10d3d1cbeee501b26ddb6  rust/libpetri-runtime/src/precompiled_backend.rs::grow_ring_static
217bc3b0537a2db0943179755893c597a1da2a20b4168d6fa27cfc46bbc1cb26  rust/libpetri-runtime/src/precompiled_backend.rs::init_match_caches
6870ea18b639ca353638b2f4dbeb62eee0e2b5e7b5cffa325dd43023983c7baa  rust/libpetri-runtime/src/precompiled_backend.rs::initialize
448115e4d00a069830c4e4d67244919021d142be77ff3c7247f011d5cb458dc3  rust/libpetri-runtime/src/precompiled_backend.rs::inject_external_token
4b7b7369c3bf673e2f14a5ea7dae714fe4b9c6f151cf93979bd06aa12e27429a  rust/libpetri-runtime/src/precompiled_backend.rs::mark_place_dirty
e191027b29588469f5987e232d87c23f438fec46d2fd1096936c2ce0c0af8574  rust/libpetri-runtime/src/precompiled_backend.rs::mark_transition_dirty
280e27bd935c1ecd71ff87d725ec8741d5e79e4e08076550a578a04e71428239  rust/libpetri-runtime/src/precompiled_backend.rs::materialize_marking
46bcdd95839c0cc936015c5657e8ea12de93d73610adec1d02abd0d83369d2ca  rust/libpetri-runtime/src/precompiled_backend.rs::peek_reads
1338b2c557822cb1da46b1bfbe50308a798580b148f59d59e8fae2084e7ce651  rust/libpetri-runtime/src/precompiled_backend.rs::post_fire
8132a779adee27c037b742d8665cb2e8ed669579b5a2ffd3a9a617d1d0eddce3  rust/libpetri-runtime/src/precompiled_backend.rs::produce_token
2d907a3291ab46ced72f91c557575ec4d27b1c61679caff38f52e3a0b4a917fd  rust/libpetri-runtime/src/precompiled_backend.rs::recheck_can_fire
4fb392cd0e5c85eb9868fa85878c2c7da943fa642e0bcc8da305aa3042305e68  rust/libpetri-runtime/src/precompiled_backend.rs::ring_add_last
fdc03ca29b342b824325e55eb167adb067e204b8c27c825e6f779bf7358a2df2  rust/libpetri-runtime/src/precompiled_backend.rs::ring_peek_first
4c7c59c3b1b3b81dd404583e60a6cf9e458faa3637da9a334670c48b3f93584e  rust/libpetri-runtime/src/precompiled_backend.rs::ring_remove_first
729b717b0688b51d6b2e17d063203de979bd14315349b8aa1468d34e622e9a31  rust/libpetri-runtime/src/precompiled_backend.rs::ring_remove_matching
3fa76b9f2fb270d8192688d6460d86d8dc1c276f1f27fff060265be398fa409b  rust/libpetri-runtime/src/precompiled_backend.rs::update_bitmap_after_consumption
8ff24a16830eea1bffa40a995c58fc48e651daec9a42c090aa6b7151396b4494  rust/libpetri-runtime/src/precompiled_backend.rs::update_enablement
f2fe2454b58d7cf3c15fc72bcea719e9b74b3aec03ed3d4355ed80ea580678d1  rust/libpetri-runtime/src/precompiled_net.rs::can_enable_bitmap
ce8d429d4af6a35b6b8018018c89eea20233b8435da0f58771f11f0d3bc183a9  rust/libpetri-runtime/src/precompiled_net.rs::compile_consume_ops
d3bfd4ad28d8ceed8270dbac2b75bc21fe779efada6c18d70eb067c30699f4bd  rust/libpetri-verification/src/abstract_replay.rs::enabled_a
f121c128d5d0523d7becebab04fe820012c4b2a2c8131845478af0b0e11568b6  rust/libpetri-verification/src/abstract_replay.rs::fire_a
b38cb9efd4ccb4df2f4112748a63c45737bb77de73b6dcfb1e8346d095f71500  rust/libpetri-verification/src/abstract_replay.rs::within_env_bounds
0fa94015749bd07b6bb23f83f408be30012d588e8fed6f948bfb3880d4fb8689  rust/libpetri-verification/src/bounded_run.rs::can_fire
ca1fa3dfdedcbfd8ab0cd890768073ed1c63b4e6de45e761a6459f9d2939712b  rust/libpetri-verification/src/bounded_run.rs::check_ranking_exact
298854bc11749dc59b904810853f19acced3b3c9f372a6c9ecd6683095f2d44c  rust/libpetri-verification/src/bounded_run.rs::clears
bc2ba9692d3826321901f710e705756e1037e0dd3192e9e841fa126202862b2a  rust/libpetri-verification/src/bounded_run.rs::column
3f4db5c7ddf142247ff887f506d54840298b021b4b3da016f075089551543849  rust/libpetri-verification/src/bounded_run.rs::decode_bounded_run
cfe5052288f8a27a3d05890c44f4e51e689b0c7ef029576d4b6fd46b4d050321  rust/libpetri-verification/src/bounded_run.rs::encode_bounded_run
739503131ecb699fccdd307c001acede62605dcee4954babdd70ad6581e2c42b  rust/libpetri-verification/src/bounded_run.rs::guard_conditions
a0143fabd043d25745dedee2c939db344b9d83487ad7b09cf2fa262793863c31  rust/libpetri-verification/src/bounded_run.rs::replay_run
3415798995c1cd0294f684e5bcad8ff95cc83a54625ca23a99ee7466bd2348f3  rust/libpetri-verification/src/bounded_run.rs::run_firing_bound_phase
971575bdd9e4bf51cfda766ad5eafae9e148cd8414ab79802888275e18707a8b  rust/libpetri-verification/src/bounded_run.rs::shifted
fff4536cf611519c699564bff2f9767bf409f9a6c22804000c44d5c0920f824c  rust/libpetri-verification/src/branch_outcomes.rs::TimeoutWrite
77ab98b2536573a09d9f4fe575373b7080656326472494fe167329142410a6e1  rust/libpetri-verification/src/branch_outcomes.rs::drained_forward
273d445dd4279123c9891f76315065d08e89ee1869ccbaf846d1c3b14e5e9969  rust/libpetri-verification/src/branch_outcomes.rs::forward_deposit
e82c00bdfcf3567f1bea7f3f4e753211186d10f0f8bfa331d32b3975e0485c6e  rust/libpetri-verification/src/branch_outcomes.rs::outcomes
7300fc58d91a2c6cac74f97793cc385df2c54d0c09019f6512fbc164c3e8580b  rust/libpetri-verification/src/branch_outcomes.rs::resolved
744e83e6803988768d995eeda8515e2085b0e5ffcb6a01c3f5a6d27b62ccceb6  rust/libpetri-verification/src/branch_outcomes.rs::timeout_deposits
864cba720c25e88b674f5507849d0f701025876aec6e690caacbe42b832313bf  rust/libpetri-verification/src/branch_outcomes.rs::timeout_writes
7e3f481de345a0c6e4f11994a5447175f12ebeb06991a4b9500a029eabc00488  rust/libpetri-verification/src/certificate_check.rs::VerificationConditions
59b76cacd106a05045f4eb6cf8e2a9f73d614331ee821b9c5a8549034f79914f  rust/libpetri-verification/src/dbm.rs::canonicalize
0f45324c44005e148fed63fb13d199ad5859f9a099fece11b74443004ebbf49d  rust/libpetri-verification/src/dbm.rs::canonicalize_in_place
f10c9747e93854e0ceddcbe8ffa4cc896c01c50480e82e54a0415601aa5cf406  rust/libpetri-verification/src/dbm.rs::create
eaf877d729ec12a7b2e72e32d7ffa194dabbb8a85827650a62bbbc09bcb47a0e  rust/libpetri-verification/src/dbm.rs::fire_transition
9c3fe62d886d891b0aeaf4b88c6ad4749da1856ed689e95f40b047f1b39a2a82  rust/libpetri-verification/src/dbm.rs::get
b6064a82fd177755c28234f9e82ffd1b72d859cae6066f2f75cab01bc9bb2ada  rust/libpetri-verification/src/dbm.rs::let_time_pass
b85a305d1f224ee786d228796f432a836a163f4231f8c5bd3d1ed3549b47c9ed  rust/libpetri-verification/src/dbm.rs::permuted
63272291552d4d6e40e38688c4ba927c8cf1796d9f1ffdf882511e3e9c324d6d  rust/libpetri-verification/src/environment.rs::bounded_premise_violation
c8f52c5860ae5527ffab35cd9e68f808e349138075b812780156821a7045aea7  rust/libpetri-verification/src/graph_decision.rs::decide_over_classes
904388b0ddc932aa50f67c78edb051c729a6d372382ec7991f1091a5dfb12f72  rust/libpetri-verification/src/in_flight.rs::completion_output
416adf9626dfc2e83c844f2f2e9242dc0ec31c62bacc2a17678e73a034e3a511  rust/libpetri-verification/src/in_flight.rs::halves
4a18197db097e6a00df0461bbe74022aa82d6dee56584f0847434c8bd01af6ed  rust/libpetri-verification/src/in_flight.rs::in_flight_transitions
3e22f0521a0f937c4e3cf0c6c05a8db80f520865bada78a1a3a5e934a6bd4b19  rust/libpetri-verification/src/in_flight.rs::in_flight_transitions_for
c34f3ea9eaa0f45d28f576c89db3a698d5077c2518fe2a820cd84569fe5e8d31  rust/libpetri-verification/src/in_flight.rs::is_completion
270275bd097c65d8a65464c7d2b2a94fea262783ec2d22ca0d0cadff4a0d1653  rust/libpetri-verification/src/in_flight.rs::non_monotone_places
512af2666c4aad540b8ef9dbacadcbeede83adb5828b6cfa420cbec9cb9de8c5  rust/libpetri-verification/src/in_flight.rs::quiescent_count_demand
d19259781d221cd12cc513a6ae0856a7a49aaab405dec1b3c7af7879a92125da  rust/libpetri-verification/src/in_flight.rs::split_in_flight
2553a55bfb1e3fb64066bc259449b5e719ba1a197f7134908d2aee102f652597  rust/libpetri-verification/src/in_flight.rs::split_in_flight_for
a73cf44b450a6aeeea02ff05ec17f4ad0664192a035a1c672d4a36547464ddb4  rust/libpetri-verification/src/incidence_matrix.rs::from_flat_net
52dc1954d7726d057bc9760a7846b6c9c2d32a35a0eccbc775f439c0a48a9061  rust/libpetri-verification/src/linear_bound.rs::check_linear_bound_exact
5bbfcfb747b1d824f6c0a806e3086eea1c42fa331b0b9cf0498ae8637cadc4fc  rust/libpetri-verification/src/linear_bound.rs::violation_demand
5676bbe4e0e8ddc8e9a0f48f63939d2a3c2a830ab3925691e4d08b3d0a851d0b  rust/libpetri-verification/src/linear_bound.rs::zero_weight_places
519f660da148ccbaf3d256e3d1c49be1d83b8dede063200772dc991f72f4ec32  rust/libpetri-verification/src/marking_state.rs::MarkingState
27de4415b5322dad77cd66a8140807ec5b6b0697d1c3a0ad903bd25fbf5ea46b  rust/libpetri-verification/src/name_coloured_encoder.rs::build_plan
07b89884af1ce7ff1a0f5ff38eead09e800eb4b2a10371190591620da28227df  rust/libpetri-verification/src/name_coloured_encoder.rs::encode_coloured
e65fba8bd5ed273c55e821933c390402367bd14076599b5e23dd521e6c8c8db4  rust/libpetri-verification/src/name_coloured_encoder.rs::encode_coloured_quiescent
92e4f4d9c7a3e56dd2808df435524c930223944026cbe5c221bfb7f42aab32ba  rust/libpetri-verification/src/name_fragment.rs::classify
89df0fb166b2f834849cc81686213a368171d1f2817070c27abf6d716f3040a0  rust/libpetri-verification/src/name_fragment.rs::declared_mints
c1b684cdf276b4448e53c1f83c24115b3e26e857f1269c68be4435eba30663e5  rust/libpetri-verification/src/name_marking.rs::canonical_key
ca3348eea421e26745ca8dde8f2b0bdd0b88508344fdfbe54632f3b32476fc43  rust/libpetri-verification/src/name_marking.rs::live_symbols
55a99d6a6a23adccc8c64c8011a604898218248b70b5d8c39e0795d58cf0f099  rust/libpetri-verification/src/name_marking.rs::symbols_in
38bf7d6548aa4d61472d9add60726ba7628991e471b56aa90dfb0ba1d034c0d6  rust/libpetri-verification/src/name_state_class.rs::NameStateClass
42350fb1e40842a1c1fd97e21688155c4bff576b27e97e208df2730ff3e3793b  rust/libpetri-verification/src/name_state_class_graph.rs::build_until
dd803f5b3b7a9ec30cfbc6b1aabdb6797cdec490088971a2fdb3ebb40e1f10e5  rust/libpetri-verification/src/name_state_class_graph.rs::enabling_symbols
6eaa7714ea4d94211fa07e83b57e80e9c3e7613f1a6015bffe5b599d0f567032  rust/libpetri-verification/src/name_state_class_graph.rs::intern_base
5ead280829bc9bfaa4c2cc66b0649de84f33f76dffb9baded163f3c4eb1c21f0  rust/libpetri-verification/src/name_state_class_graph.rs::intern_names
9e2e9ad43078cb969590c77adb2fcdff885b4500799ed73f13902bdc5033c93b  rust/libpetri-verification/src/name_state_class_graph.rs::name_enabled
78b5e28bc122072f7c603174fa6ebc96b6639f50dff5e41553eafc6a9d763b67  rust/libpetri-verification/src/name_state_class_graph.rs::name_successors
1665a8ae6a5f73544189e47185784ed256606a0f70615f6fc302344b15b08620  rust/libpetri-verification/src/name_state_class_graph.rs::priority_dominated
26f7c5bf033bcc9aaa5319bb26c30c635cec5b01ccf38899a76901d1d50131bc  rust/libpetri-verification/src/name_state_class_graph.rs::will_fire
4908142be75bdcab499cd3802560750d68c96abf6af54be9c3a06936efb61a1c  rust/libpetri-verification/src/net_flattener.rs::flatten
5494713fd18311e487ab29838827cfc5667ab24a1ba654882d2b4a0f120123e5  rust/libpetri-verification/src/net_flattener.rs::flatten_with_reapable
e495781b5f034b4487c49cd1bd22eb19ea772ffe14442bd0b2fd3cf0e4846d4e  rust/libpetri-verification/src/nu_scg_verifier.rs::is_quiescent
0993d81869ecf45f4d390a45516372b32574cfa889816c8be91c921e82b2d7ff  rust/libpetri-verification/src/nu_scg_verifier.rs::new
45516c1ea29d78a3d1bc7c9baf74a62ebec464f725cb7bda4fb499c8f2bc8725  rust/libpetri-verification/src/nu_scg_verifier.rs::verify_via_name_scg
e22a0e21efecbe9e009d7a07bb7ed4ecb5f3e76b1d23e57af33b4819bf1f3cdd  rust/libpetri-verification/src/nu_scg_verifier.rs::verify_via_name_scg_reaping
b889028259a9492cdcb73cf10d453adfc05163ea322c6ed06193a9f030d53562  rust/libpetri-verification/src/open_net/graph_route.rs::decide_on_graph
63aa1c2690ae8154457aba51e81809776d890d96f2203377767120c331aeca79  rust/libpetri-verification/src/open_net/verify_open_net.rs::verify_open_net
bc909a200b0fe3ae9e774ce9ba2d524925bc0a50abce29e8db20decdcafe2754  rust/libpetri-verification/src/p_invariant.rs::PInvariant
e4e493ccd7ba73c7a3a23328e56c7056ce7fc36b343613b8b64bb81746e08bd8  rust/libpetri-verification/src/p_invariant.rs::combine_row
3f22bb8ad852d72a8cfeb864bd26595ac54583f6fdff229d1ecba825ab805396  rust/libpetri-verification/src/p_invariant.rs::compute_p_invariants
3603a1dea499cd7a1b44b579c08445acef6c98f5087c6581b17a77ca013f6046  rust/libpetri-verification/src/p_invariant.rs::compute_p_semiflows
5451f55b99ffd03a4c401b3ce646bfaadb792cf2b7edbd71a3de54c1bccb2e80  rust/libpetri-verification/src/p_invariant.rs::keep_support_minimal
4b38cd9882100c99762fe228cf2dc4af7a116c2ec24e3cd96f8c77e9249dd284  rust/libpetri-verification/src/p_invariant.rs::nonlinear_places
4f39134a48d1be6254188feb847d4037fa284807dacc4ceda93356fc9bb147a5  rust/libpetri-verification/src/p_invariant.rs::reduce_gcd
906ded865ac514b25508bc89bd1b156b708b47e873362ccc6ee5f69599eafb82  rust/libpetri-verification/src/p_invariant.rs::strengthen_with_semiflows
2aeab036d775c40596e064c6b28d3c15a399eda1fddab3031157c3cae6c1618b  rust/libpetri-verification/src/p_invariant.rs::validate_invariants_exact
73c6974678eea938a81bb2399d00f88deb9b17ac87696872bc27739d12dcae9b  rust/libpetri-verification/src/priority_semantics.rs::PrioritySemantics
ea4cb55df581e0ba56707e8f7188946285e681731d0a029d4c6009ecdee3f95f  rust/libpetri-verification/src/property.rs::linear_parts
a7437a009c85e27609168833bc0732d4cea96a89feb2602f3cd5b5ac4ba4b627  rust/libpetri-verification/src/property.rs::mutex_pairs
fdb4b0021dd466b3cb7c179116afe120e1d879b4e314ef8e98aa99c57871887f  rust/libpetri-verification/src/property.rs::two_marked
ff5aaa6a9f1e7ba9699a2ba062ddd0ad0c081053317ed36a857fe7795ac596d7  rust/libpetri-verification/src/reaping.rs::has_latest_bound
73fdac94c4cdf1e9c05158085be380980d5b7261ce0976ac8fc1eefe73358114  rust/libpetri-verification/src/reaping.rs::is_reapable
c950488a3d65f814649a630b940efe1df6402d7023760997ed1731f5c7f4eff7  rust/libpetri-verification/src/reaping.rs::late_transitions
0feab2f155745e3fc596dac5880416141f10a2e1c27da31cdfcc5e89c14f4e75  rust/libpetri-verification/src/reaping.rs::reapable_transitions
9afbe9488d3f33ac265fd13739abcf50c543bb934869f013631f877fec6e1664  rust/libpetri-verification/src/reaping.rs::relax_late
072270c8e86aeca958ddaf10605c6ebaf6e472885e54b2a3b2449cdaf16ce292  rust/libpetri-verification/src/reaping.rs::with_timing
53d370f10254aa9e0c84e02e1702132624f73ec9c3d691112f2511556ef52be9  rust/libpetri-verification/src/rest_set.rs::resting_names
269a22c88b6131d9483555c62269247bee2a5c3ddbbeafbf7a2d060f42101f55  rust/libpetri-verification/src/rest_set.rs::stranding_excuses
049c0763221b968d239c5761d6babf69e3b3760d83ac90ed552c661953f9fe50  rust/libpetri-verification/src/rest_set.rs::strands_token
7fa06a7c12b3b86c0fc3c984830488c7758b51cda7108dac4fa5336e0ff0dc72  rust/libpetri-verification/src/scg_verifier.rs::decide_over_state_space
9fd577a7932af18e605902d557b468c6b19f9e0230411045dac3979ee1cc25bf  rust/libpetri-verification/src/scg_verifier.rs::decide_over_state_space_reaping
966f2f3a73422ce3ebbc931d5eba4acff2f6c401c2c774ef7c9d58d5336c0c7d  rust/libpetri-verification/src/scg_verifier.rs::is_quiescent
22637831c8d9e1b8226c68d5f402f3ebe1931b7573ff0a29b07ec6665d029136  rust/libpetri-verification/src/scg_verifier.rs::verify_via_state_class_graph
295c41c932de5583641dbf0819f1d180cf8b3d6ad6d97bae18128f193aa727ae  rust/libpetri-verification/src/slot_bound_lp.rs::check_cover
1f5970f97ba8b09c3c8d9f24362a38a20d31652d83b6bfd67feafb34067e91f4  rust/libpetri-verification/src/slot_bound_lp.rs::checked
cbc91e9bf229ae5d8588f3ee4cb2ada905018985ddba55d4dc1825242b963660  rust/libpetri-verification/src/smt_encoder.rs::count_violation_condition
5788b926ba0b8e56ac160f7272789ed9f703a3038ff653ce4d2cf2c4a37f210a  rust/libpetri-verification/src/smt_encoder.rs::counter_conditions
724f780cc0a24c4683e472887ecc1316efb1d83ad584648a1ce9f40bdaafa87d  rust/libpetri-verification/src/smt_encoder.rs::encode
69c0a0af2e88cfadf7d7a8199dc4b4a86f4314717b59739b8177754f7585af50  rust/libpetri-verification/src/smt_encoder.rs::encode_injection_rule
b6c444758ac52ced8fd35319214cc198d33ada20407ec77f28893eb9d4abb71e  rust/libpetri-verification/src/smt_encoder.rs::encode_net
7895dd861493e4a8ac6f57aed187a197f7f9dcfd88739b15170ae7443f060a64  rust/libpetri-verification/src/smt_encoder.rs::encode_property_violation
07dd070c189b9fb18efa2c8a134d26fbef1e6cb69b95613da1f301bb3df26dc3  rust/libpetri-verification/src/smt_encoder.rs::encode_quiescent
01282950141b9d1fe81fd31306f058a0022a7fe355bbcaed72b48d824162244e  rust/libpetri-verification/src/smt_encoder.rs::encode_step_relation_smt2
8ace08be73e4e37c68e9978887aac97f3b9d894c6e4b708f77a5d5ad1da0e830  rust/libpetri-verification/src/smt_encoder.rs::encode_transition_rule
07978943cbe27bbdca29840aeb46e718d8ed76c5d54d438e9b77bd14d320c3a0  rust/libpetri-verification/src/smt_encoder.rs::env_bound_conditions
6ea2e9133084267af37d1ebaf7adf26f1f848f304f9d1310ea32aeb3f3decac4  rust/libpetri-verification/src/smt_encoder.rs::firing_conditions
95b1b9e8142cbe9284c5baf5558e61fdb0e508e507e99ec7890fb0a9e75dbbe8  rust/libpetri-verification/src/smt_encoder.rs::index_ordered
ace3a591dbb303b0269b301a0d09f1c3baf4b3cc1a047bc625c49ec9224b2b25  rust/libpetri-verification/src/smt_encoder.rs::invariant_conditions
cd954d14b32e6665574cbaf486dc29b60134b77901de35eb698f2be0984cd4ba  rust/libpetri-verification/src/smt_encoder.rs::pairwise_marked
af3746cd8321f14069e6a0933c6eed042417a1dd9ba8005354c82187bd5dd034  rust/libpetri-verification/src/smt_encoder.rs::state_equation_conditions
6f4e770ffab0cda24300b0ef5ad2be6265f1f6dcba6bdfc8312b801cce47a355  rust/libpetri-verification/src/smt_encoder.rs::stranded_conditions
b02a8f1ca7c619fc3d591946735d745f5603d662f9b490cfa16a1b8d6e111a62  rust/libpetri-verification/src/smt_verifier.rs::commoner_applies
d477fb715747a7af4b1758d7181761191d1bab63467999ef9348841e4c5e9d5f  rust/libpetri-verification/src/smt_verifier.rs::inert_places_net
bfd1ffdf72d428d08163eb50a5debc71b39d0afc5d2e4c192717172346351489  rust/libpetri-verification/src/smt_verifier.rs::is_reachability_safety
1df08110a4418afa1596a41b9815e5710d5941325c7cc739f59b51a05c0c21bf  rust/libpetri-verification/src/smt_verifier.rs::late_set
7660d8e9383b025f3f9996de57af11ba039eff3f8ee588f9cd9c698b6d9b10e7  rust/libpetri-verification/src/smt_verifier.rs::linear_bound_part
2e381e03748722a2d47966b8c0112fe0d02b99756f3e34205f52ce6a0c616e51  rust/libpetri-verification/src/smt_verifier.rs::linear_bound_proof
e7792a388b66ab4b1f577e9cdb1a2cb969199a122771d63a214e8379d54e6caa  rust/libpetri-verification/src/smt_verifier.rs::process_z3_result
8dca5eacfa0a89f2bc4dbdd56a75540f5b4289c129911549ff5c490316d319fc  rust/libpetri-verification/src/smt_verifier.rs::property_place_names
8325ac6929fafcb9b7521f5c4a79fd17186d41cafe310ff6f98d3269eccc14f3  rust/libpetri-verification/src/smt_verifier.rs::reapable_set
9425cac4aeb91c520556a10bfcb7f0fc6871373fc43b9f1c8fa9419676e72896  rust/libpetri-verification/src/smt_verifier.rs::timed_counterexample_check
c7859a8e3761b06757e433ae03ed68c7a86abc257ece82079dd857e6bea93fcf  rust/libpetri-verification/src/smt_verifier.rs::unresolved_property_place_in_net
9328a2fe4a817320a48e1eabe0c51838eb9c398f69eea2a989848616957d5999  rust/libpetri-verification/src/smt_verifier.rs::verify_closed
b19f925db37ab238761733086f801405af8c791561be62c0cb316368c3a96091  rust/libpetri-verification/src/smt_verifier.rs::verify_net
e97e21a2bd08ec36debb0e3cfac89c241dd1090a71f67658506ac26af0ff18c1  rust/libpetri-verification/src/smt_verifier.rs::verify_terminals
8e3374ddf3c0b258d7678ae7f0143db3ea1fcfd659600ad9b19b658b006fc0d5  rust/libpetri-verification/src/smt_verifier.rs::verify_terminals_split
a92109a55b98f9170bd7ac1113886d4f79ceea333113bb0aea1032260f5da8c9  rust/libpetri-verification/src/smt_verifier.rs::with_in_flight
f14ce2956d0c3115ee93ea7772963f2581d5ece4243fb8273adeafd9bbe5b91e  rust/libpetri-verification/src/smt_verifier.rs::with_inert_places
7a51cb13b4820b0e9a82240fe77d702a8dc483fe4d853ea43ffe12ea92d8a261  rust/libpetri-verification/src/smt_verifier.rs::with_net_terminals
d4945f96cbd62867bd4656dc25a5c3c7364406f58e66ec8baf5d34dff1d39fc2  rust/libpetri-verification/src/state_class.rs::StateClass
767226c71e3bf7414e628525fc435ecb56ff30bca3ce46404c07f47241f9b719  rust/libpetri-verification/src/state_class_graph.rs::build_with_options
cae49884c8872e36b4f99e422c67c014254f81680460da2fbfc9f58fad8d3d32  rust/libpetri-verification/src/state_class_graph.rs::canonical_order
67d679f5d3d2bfcdf4bd45bd8abb0660ca034ef173ec40749524b9d000e17353  rust/libpetri-verification/src/state_class_graph.rs::check_place_enabled
706bdf04d8828c99f60b54a5722c87faf516ad9add804ccddeb1553ff46f7c05  rust/libpetri-verification/src/state_class_graph.rs::clock_timing
b85d31641d881c757c4b5abf72eca360065627d2bd97dbbf0bc13100a72b14b0  rust/libpetri-verification/src/state_class_graph.rs::compute_successor
afb32413e7cc652b2d44012b2209dbe6299881967f1856a48805e9a1a03fb601  rust/libpetri-verification/src/state_class_graph.rs::compute_successor_gated
7c14ab941891622608470f519098b8968dfd2994467cba525e73a42ba3a42858  rust/libpetri-verification/src/state_class_graph.rs::consume_marking
b93bd5578434cd72fea114d817d8c1cef41ff34e6ae4c4943a6fc49573fe0d27  rust/libpetri-verification/src/state_class_graph.rs::expand_transition
e5c3fa488b3ee6b1dac3a16e93d0ca156bcc4acd4a99d0b8c929afdcf737d76b  rust/libpetri-verification/src/state_class_graph.rs::initial_state_class
3361e54c1d340eac81727397005e001713ca5bbb52601bc6205e523bd7ed7d30  rust/libpetri-verification/src/state_class_graph.rs::input_consume_count
c043670b9ba3c4909a4fbc0dcbb99936a77678fbcb5a0840c98f8e61e648c132  rust/libpetri-verification/src/state_class_graph.rs::is_enabled
10052797b7f8b4d1605a111eccfd320a9d6bdc5e0aec8ef5c3b19a668b4b8c3b  rust/libpetri-verification/src/state_class_graph.rs::produce_marking
f074377d38f140c927653e0ad449c911be3d297071769b8833049fd4eb38c8f8  rust/libpetri-verification/src/state_class_graph.rs::timing_earliest
d7cfe6ff3010141ec068d74135a828c47c1aaf764994aa37403cd086aeba8532  rust/libpetri-verification/src/state_class_graph.rs::timing_latest
27fe723597f46cee9cb47ecfd93e9819cddbf4274461134071756cdd7f1032be  rust/libpetri-verification/src/structural_check.rs::find_maximal_trap_in
438b00a5424a57ef48fdf5c2606244c45f6d28a813efd0718fd6575ddfe0d271  rust/libpetri-verification/src/structural_check.rs::find_minimal_siphons
caa7db7e5a2afec6dc8e12062e73c1edc29003e474bdc88ae1a810ba1f0f7387  rust/libpetri-verification/src/structural_check.rs::grow_siphon
f669f66f01a9497751272d6a83bbc661c94014800c521aae414d50b4075816fc  rust/libpetri-verification/src/structural_check.rs::structural_check
d6ea915ff50d5dff3f9d28cdd6bd9d77f89b3177244215d48347455e5b45efd0  rust/libpetri-verification/src/terminal_places.rs::inhibit_on_terminals
