# lean/fidelity.lock — generated by scripts/lean-fidelity-check.py --update. Do not hand-edit.
2e0478c49b1093b1bc3ce7ee13d7ac9d502d10b824b91345673210a3876b86d6  rust/libpetri-core/src/input.rs::In
c63dc5c167075dc40fac91f1343aad98d6a53a1de9142a95bb6fba3d2cd297bc  rust/libpetri-core/src/input.rs::consumption_count
8de5e30aadeab2ab1fce963776b56ac11f5a99e4b31f6792d39c451dd1e5e135  rust/libpetri-core/src/input.rs::required_count
6905d02278863a6ec374d935c7cd413ea6f662d2636d89cbb8837abf3fb43933  rust/libpetri-core/src/match_spec.rs::extract
f09fe870f42d85230336fd9f4ddc303acde44e8177344487e5537694320c2a4c  rust/libpetri-core/src/name.rs::NameId
bb6f1f21e138dd937cb6001fb98993f28f77459ffea20a07e4a329bc468dc4e2  rust/libpetri-core/src/token.rs::Token
feb07449a09aafe38ee2b6ac1c3ab6e26ea336aa098c0f50ddfa67899bd924d2  rust/libpetri-runtime/src/bitmap_backend.rs::begin_firing_pass
2605f4d7c12c20f577a29fec4eb1b7ed3e8b1f1b349d01ffcb02f8d25b387356  rust/libpetri-runtime/src/bitmap_backend.rs::can_enable
3eb3823793c0f9a60399c6a7b1e79a38d8fe73b674a98c844abd9ddb92270eb2  rust/libpetri-runtime/src/bitmap_backend.rs::collect_ready_general
4cd47c983e161d0c5a34422e3b4199183922d6bd179cefa976b2ebfb280ee3de  rust/libpetri-runtime/src/bitmap_backend.rs::consume_for_firing
0cc2152556f671431e805db09364dbc34c3de6687848a39fb356996d038879bf  rust/libpetri-runtime/src/bitmap_backend.rs::disable
4965402ca1ac347bf1b15c8e881f0e27ab18b31cefd76e6c28eaf92a11f9733b  rust/libpetri-runtime/src/bitmap_backend.rs::drainable
d8b93c18a976606fe7026b60317bd3f4b5413ef821ec65fa2823d23c2ca76f34  rust/libpetri-runtime/src/bitmap_backend.rs::enforce_deadlines
405c4e0de491555c5c8f5c876187fe14b76531340acc838b03ffd77f397ac517  rust/libpetri-runtime/src/bitmap_backend.rs::has_input_from_reset_place
a8964eec13eb39c28aa7d54ef6e8f6a7812a586f554eaaa8df7f4aac78341fbb  rust/libpetri-runtime/src/bitmap_backend.rs::initialize
891ac60f56d269267b0488479177d221180666a614013b3b5a2b9bdf47e7e8a1  rust/libpetri-runtime/src/bitmap_backend.rs::post_fire
dadfd7b81eb8ef4dded372bdadf041da3d5e1bc78a6e01fd19119af9743c9ea4  rust/libpetri-runtime/src/bitmap_backend.rs::produce_token
5f43080758c01f8ab44b4324a16ddd7d0b69821f153ff1249bdbeee36432c3d8  rust/libpetri-runtime/src/bitmap_backend.rs::recheck_can_fire
3984efa85ac5012b765d558f78b57c60a2f002183f3ad7311d9c4298df870225  rust/libpetri-runtime/src/bitmap_backend.rs::update_bitmap_after_consumption
e3f87be43aecdfd2a2283577814eb58c19d63684e0822335765653ba17625954  rust/libpetri-runtime/src/bitmap_backend.rs::update_enablement
42bee7ffe8e8a1350b34b7ef40408f8c37410a21b2508e6dc7b8e405a67a20eb  rust/libpetri-runtime/src/compiled_net.rs::affected_transitions
ba0e9bddd16b9a36235b28070b1d4f278b04a1319cc3bcc6485711b9efac3261  rust/libpetri-runtime/src/compiled_net.rs::cardinality_check
af84dd84e1db8a2c58f2ee858654a6f676b17c7b6021fb4573663ca7cc093796  rust/libpetri-runtime/src/compiled_net.rs::compile
b02eff4e02baef343154c1e0e57de4097bb936445fa5ea1b9aa6d4e37ee4c9a5  rust/libpetri-runtime/src/executor_core/executor.rs::run_sync
a58b58a62e0395c2175a2e1f53e774cfc61d15cb0d82aa66a7a06505009136e8  rust/libpetri-runtime/src/executor_core/output.rs::validate_out_spec
c0ed5f50ad89296c608f75b74c78c3ecb1e947dcc881e26873cad8722a0a9c60  rust/libpetri-runtime/src/marking.rs::Marking
21299783b6b904670a6e98740df0fc931527460a249628b268aa02b9f0ed64cc  rust/libpetri-runtime/src/marking.rs::count_matching
f33e941f6b3c88cdfdf6c385b5f4b721f9a31f0aed7ac631a22bc167d4ab3c54  rust/libpetri-runtime/src/marking.rs::remove_matching
f6d903a4a8e480af362f2c56593d98bd2bb31738fbf5287d40a2c204ee4b7b84  rust/libpetri-runtime/src/match_engine.rs::IncrementalMatcher
db6c3d4cd3028e5dbfa17cbcae5dee19d509e3700acc9ef034b2e991718cdc94  rust/libpetri-runtime/src/match_engine.rs::MinQueue
e7631cdfa58591ecdc259690c0d4bd782393a5496b627cd68c15f11c010ef4ee  rust/libpetri-runtime/src/match_engine.rs::select_match_name
2c2dd7f6ec1b53dd994a518c7810ea118de6b4e62e156119c07bcc3758093132  rust/libpetri-runtime/src/precompiled_backend.rs::begin_firing_pass
073d53f49b1946ef432aeccb0ccfbbbcb6233237d04138c0730ed9e371784cec  rust/libpetri-runtime/src/precompiled_backend.rs::cache_add_token
679f5bc49813be5c4c0c84551e81400153f563e48d8b6af9d2c30535c4962f40  rust/libpetri-runtime/src/precompiled_backend.rs::can_enable
c142a05aff0407364908de55dba5ab09d8a1a61b04cf42bdf196f7d656fc3922  rust/libpetri-runtime/src/precompiled_backend.rs::collect_ready_general
8c52c56b48d888beeaa29631787ff312aaf362c82d738e55fe85ef2475a5f29f  rust/libpetri-runtime/src/precompiled_backend.rs::collect_ready_immediate
e27563646bb2b480fe1384f9fc9ec2f636c19e8cc1b66191f2eb6e5c3939d2f7  rust/libpetri-runtime/src/precompiled_backend.rs::consume_for_firing
fd7ec25237e43a54761e4a3549f4584da15716fa2374f7d350836a529b024c11  rust/libpetri-runtime/src/precompiled_backend.rs::disable
6fd8bc68f56bcef0f99a81525c7d94c6c264164deab387db2fff5751c40c09d5  rust/libpetri-runtime/src/precompiled_backend.rs::drainable
cf69d40f232f4d391c7c426aa97af6bf845b7c00d7bf2e02d6ecf32f98191909  rust/libpetri-runtime/src/precompiled_backend.rs::enforce_deadlines
549341da4484beb0b7c22edd4b41bc6237b6aa15a7b0c42574c2d9de9448293c  rust/libpetri-runtime/src/precompiled_backend.rs::fast_path_available
bfa37f32c88bc20d157d01ddd7003a377f8455b2a7125a51bf507dd96109eb8d  rust/libpetri-runtime/src/precompiled_backend.rs::find_match_binding
658c53b2b617c8e4e5843c8b25705c924e7d39e74df10d3d1cbeee501b26ddb6  rust/libpetri-runtime/src/precompiled_backend.rs::grow_ring_static
c1d9bc68608570b0b85e18c0ab8a2263a6f916f214fe95290451e37bdf6de7b0  rust/libpetri-runtime/src/precompiled_backend.rs::has_input_from_reset_place
217bc3b0537a2db0943179755893c597a1da2a20b4168d6fa27cfc46bbc1cb26  rust/libpetri-runtime/src/precompiled_backend.rs::init_match_caches
32313b6722ccbc9b31a7699e39e5cbaf5fd461a8b52f081d31aa4246ffdfea12  rust/libpetri-runtime/src/precompiled_backend.rs::initialize
91acaba8ffc3e7e68e7eb6da0ecb569f314b6fb80015c8a19da543a3218bb08c  rust/libpetri-runtime/src/precompiled_backend.rs::inject_external_token
4b7b7369c3bf673e2f14a5ea7dae714fe4b9c6f151cf93979bd06aa12e27429a  rust/libpetri-runtime/src/precompiled_backend.rs::mark_place_dirty
e191027b29588469f5987e232d87c23f438fec46d2fd1096936c2ce0c0af8574  rust/libpetri-runtime/src/precompiled_backend.rs::mark_transition_dirty
280e27bd935c1ecd71ff87d725ec8741d5e79e4e08076550a578a04e71428239  rust/libpetri-runtime/src/precompiled_backend.rs::materialize_marking
46bcdd95839c0cc936015c5657e8ea12de93d73610adec1d02abd0d83369d2ca  rust/libpetri-runtime/src/precompiled_backend.rs::peek_reads
1338b2c557822cb1da46b1bfbe50308a798580b148f59d59e8fae2084e7ce651  rust/libpetri-runtime/src/precompiled_backend.rs::post_fire
ddd90789dd09d5a28e06bdad24148123a60665e7c861fbed5b45780398f0290c  rust/libpetri-runtime/src/precompiled_backend.rs::produce_token
2d907a3291ab46ced72f91c557575ec4d27b1c61679caff38f52e3a0b4a917fd  rust/libpetri-runtime/src/precompiled_backend.rs::recheck_can_fire
4fb392cd0e5c85eb9868fa85878c2c7da943fa642e0bcc8da305aa3042305e68  rust/libpetri-runtime/src/precompiled_backend.rs::ring_add_last
fdc03ca29b342b824325e55eb167adb067e204b8c27c825e6f779bf7358a2df2  rust/libpetri-runtime/src/precompiled_backend.rs::ring_peek_first
4c7c59c3b1b3b81dd404583e60a6cf9e458faa3637da9a334670c48b3f93584e  rust/libpetri-runtime/src/precompiled_backend.rs::ring_remove_first
729b717b0688b51d6b2e17d063203de979bd14315349b8aa1468d34e622e9a31  rust/libpetri-runtime/src/precompiled_backend.rs::ring_remove_matching
409bd7d23f0e14a6420ed6c4e5ce5a43a3f8b8a9cdbf70bd014e353ada1d649c  rust/libpetri-runtime/src/precompiled_backend.rs::update_bitmap_after_consumption
9cd8b6e9259cdc65f20bb0929c5d8594ab0353030e725659fc28c583ab872da8  rust/libpetri-runtime/src/precompiled_backend.rs::update_enablement
f2fe2454b58d7cf3c15fc72bcea719e9b74b3aec03ed3d4355ed80ea580678d1  rust/libpetri-runtime/src/precompiled_net.rs::can_enable_bitmap
ce8d429d4af6a35b6b8018018c89eea20233b8435da0f58771f11f0d3bc183a9  rust/libpetri-runtime/src/precompiled_net.rs::compile_consume_ops
a73cf44b450a6aeeea02ff05ec17f4ad0664192a035a1c672d4a36547464ddb4  rust/libpetri-verification/src/incidence_matrix.rs::from_flat_net
a8fddd42a9214763243c6e058b986638c236842b8ea9b84efbd8dc003ceb1f7b  rust/libpetri-verification/src/name_coloured_encoder.rs::build_plan
7253eaf97d2df1072a198568ffcc3c0f13bee8aa6a273715bba718114b5ab0fe  rust/libpetri-verification/src/name_coloured_encoder.rs::colour_slot_bound
c1b684cdf276b4448e53c1f83c24115b3e26e857f1269c68be4435eba30663e5  rust/libpetri-verification/src/name_marking.rs::canonical_key
55a99d6a6a23adccc8c64c8011a604898218248b70b5d8c39e0795d58cf0f099  rust/libpetri-verification/src/name_marking.rs::symbols_in
3864af77649684a4bfa1e7f8a9c01ebdc0acdc238338f48234a2a6c5371884aa  rust/libpetri-verification/src/name_state_class.rs::NameStateClass
dd803f5b3b7a9ec30cfbc6b1aabdb6797cdec490088971a2fdb3ebb40e1f10e5  rust/libpetri-verification/src/name_state_class_graph.rs::enabling_symbols
95ec0f6ba1480d90bf2bc99b2295b97c6c31c1e22cbd0a717bed149f3a21917a  rust/libpetri-verification/src/name_state_class_graph.rs::name_successors
1043d2728bb358f91a859987b3b11af8650f447e7293b9e98f7dd94a08fb3257  rust/libpetri-verification/src/name_state_class_graph.rs::priority_dominated
e312ef0a02b9b4ea25f432bab6c5bc86bce1ad3505e1c12b3fd3f1624937410b  rust/libpetri-verification/src/name_state_class_graph.rs::will_fire
bbf0881c4eb5eb0550fd263d1ad758bb989ad6fb727f24a1192aa0859107bdf6  rust/libpetri-verification/src/net_flattener.rs::flatten
bc909a200b0fe3ae9e774ce9ba2d524925bc0a50abce29e8db20decdcafe2754  rust/libpetri-verification/src/p_invariant.rs::PInvariant
3f22bb8ad852d72a8cfeb864bd26595ac54583f6fdff229d1ecba825ab805396  rust/libpetri-verification/src/p_invariant.rs::compute_p_invariants
67823a65a8f10645d1be03ac6d442964e2bd2664ecf17fd4111fb2a719180c9e  rust/libpetri-verification/src/p_invariant.rs::compute_p_semiflows
dcd0b4f502e5d580798b014567c06b4f72671c59121e499110ae449361853267  rust/libpetri-verification/src/p_invariant.rs::validate_invariants_exact
dc3ba26667b674a0b988f32b825a7d4d6af3393f15c820df46829d1d0af2e745  rust/libpetri-verification/src/priority_semantics.rs::PrioritySemantics
a3b56c237ab081f316191b6f145db7c87c8055a6672522f70363bc80d73d5698  rust/libpetri-verification/src/smt_encoder.rs::encode
248507dc7e8ac0593e3bf56faa55868d9386909aafc33cc68539f51f778cde9d  rust/libpetri-verification/src/smt_encoder.rs::encode_injection_rule
78534d7db258cf58a39f9aff6619f5b095d37e43f7a23ea7c2a3b67685f15084  rust/libpetri-verification/src/smt_encoder.rs::encode_property_violation
2f717b6406d7c2a8f4bcd6205d7a1c964620c5d81ddc3688edbe306a7a68a64c  rust/libpetri-verification/src/smt_encoder.rs::encode_transition_rule
6ea2e9133084267af37d1ebaf7adf26f1f848f304f9d1310ea32aeb3f3decac4  rust/libpetri-verification/src/smt_encoder.rs::firing_conditions
ace3a591dbb303b0269b301a0d09f1c3baf4b3cc1a047bc625c49ec9224b2b25  rust/libpetri-verification/src/smt_encoder.rs::invariant_conditions
e7792a388b66ab4b1f577e9cdb1a2cb969199a122771d63a214e8379d54e6caa  rust/libpetri-verification/src/smt_verifier.rs::process_z3_result
7db9e03a26830ffd893aa61b92d7992325989fecc0cbd8782dedbb0a1bfacc0e  rust/libpetri-verification/src/state_class.rs::StateClass
